
Microsoft Visual Studio Solution File, Format Version 12.00
# Visual Studio 15
VisualStudioVersion = 15.0.28010.2048
MinimumVisualStudioVersion = 10.0.40219.1
Project("{FAE04EC0-301F-11D3-BF4B-00C04F79EFBC}") = "Essence.Util", "Essence.Util\Essence.Util.csproj", "{8EF57341-1971-4217-BAF9-2AA8993E5285}"
EndProject
Project("{FAE04EC0-301F-11D3-BF4B-00C04F79EFBC}") = "Essence.Math", "Essence.Math\Essence.Math.csproj", "{F63167B4-F34F-4096-92E4-5D6F7889A43E}"
EndProject
Project("{FAE04EC0-301F-11D3-BF4B-00C04F79EFBC}") = "org.apache.commons.math3_3.6.1", "org.apache.commons.math3_3.6.1\org.apache.commons.math3_3.6.1.csproj", "{DFF459DC-5096-4DFD-AC21-D23D39A422B5}"
EndProject
Project("{FAE04EC0-301F-11D3-BF4B-00C04F79EFBC}") = "Essence.Geometry.Core", "Essence.Geometry.Core\Essence.Geometry.Core.csproj", "{678C7B81-7BF4-4053-995B-8320B810EFAA}"
EndProject
Project("{FAE04EC0-301F-11D3-BF4B-00C04F79EFBC}") = "Essence.Geometry", "Essence.Geometry\Essence.Geometry.csproj", "{435DDDB4-5427-4D0F-98C9-121A2B8192B1}"
EndProject
Project("{FAE04EC0-301F-11D3-BF4B-00C04F79EFBC}") = "Essence.Model", "Essence.Model\Essence.Model.csproj", "{9DE04F3E-3226-4BA0-9B25-7A84B0293EBE}"
EndProject
Project("{FAE04EC0-301F-11D3-BF4B-00C04F79EFBC}") = "Essence.Math.Test", "Essence.Math.Test\Essence.Math.Test.csproj", "{666985B8-D655-41D5-BF61-0714A390C38C}"
EndProject
Project("{FAE04EC0-301F-11D3-BF4B-00C04F79EFBC}") = "Essence.Geometry.Core.Test", "Essence.Geometry.Core.Test\Essence.Geometry.Core.Test.csproj", "{5475E837-3A8F-456E-A0FC-A430C516AFA2}"
EndProject
Project("{FAE04EC0-301F-11D3-BF4B-00C04F79EFBC}") = "Essence.Geometry.Test", "Essence.Geometry.Test\Essence.Geometry.Test.csproj", "{2F2888F2-B538-44F6-8DD9-23E2E4704AD8}"
EndProject
Project("{FAE04EC0-301F-11D3-BF4B-00C04F79EFBC}") = "Essence.View", "Essence.View\Essence.View.csproj", "{0510D637-47A5-45FD-9494-6BC278439A15}"
EndProject
Project("{FAE04EC0-301F-11D3-BF4B-00C04F79EFBC}") = "Essence.View.GL", "Essence.View.GL\Essence.View.GL.csproj", "{EE76FC8F-A737-4A6D-BADA-D43287FD887F}"
EndProject
Project("{FAE04EC0-301F-11D3-BF4B-00C04F79EFBC}") = "Essence.View.GL.Test", "Essence.View.GL.Test\Essence.View.GL.Test.csproj", "{9DCD2484-81DF-4CB0-B7B4-105FC9F98CD1}"
EndProject
Project("{2150E333-8FDC-42A3-9474-1A3956D46DE8}") = "Core", "Core", "{E059EF5D-1033-47C1-8098-1AC5CF22541D}"
EndProject
Project("{2150E333-8FDC-42A3-9474-1A3956D46DE8}") = "View", "View", "{000DA724-0E30-4C78-B26B-27952E6075BE}"
EndProject
Project("{FAE04EC0-301F-11D3-BF4B-00C04F79EFBC}") = "Essence.View.Test", "Essence.View.Test\Essence.View.Test.csproj", "{BEA8B6FF-8B8E-4EDC-BEDC-BC85557FB1FC}"
EndProject
Project("{FAE04EC0-301F-11D3-BF4B-00C04F79EFBC}") = "org.apache.commons.math3_3.4", "org.apache.commons.math3_3.4\org.apache.commons.math3_3.4.csproj", "{59AD7BAB-545B-4834-A435-6C64F48379EE}"
EndProject
Project("{2150E333-8FDC-42A3-9474-1A3956D46DE8}") = "commons.math", "commons.math", "{5F3A2279-6236-410F-8A57-D6E5CACC6555}"
EndProject
Global
	GlobalSection(SolutionConfigurationPlatforms) = preSolution
		Debug|Any CPU = Debug|Any CPU
		Debug|x86 = Debug|x86
		Release|Any CPU = Release|Any CPU
		Release|x86 = Release|x86
	EndGlobalSection
	GlobalSection(ProjectConfigurationPlatforms) = postSolution
		{8EF57341-1971-4217-BAF9-2AA8993E5285}.Debug|Any CPU.ActiveCfg = Debug|Any CPU
		{8EF57341-1971-4217-BAF9-2AA8993E5285}.Debug|Any CPU.Build.0 = Debug|Any CPU
		{8EF57341-1971-4217-BAF9-2AA8993E5285}.Debug|x86.ActiveCfg = Debug|Any CPU
		{8EF57341-1971-4217-BAF9-2AA8993E5285}.Debug|x86.Build.0 = Debug|Any CPU
		{8EF57341-1971-4217-BAF9-2AA8993E5285}.Release|Any CPU.ActiveCfg = Release|Any CPU
		{8EF57341-1971-4217-BAF9-2AA8993E5285}.Release|Any CPU.Build.0 = Release|Any CPU
		{8EF57341-1971-4217-BAF9-2AA8993E5285}.Release|x86.ActiveCfg = Release|Any CPU
		{8EF57341-1971-4217-BAF9-2AA8993E5285}.Release|x86.Build.0 = Release|Any CPU
		{F63167B4-F34F-4096-92E4-5D6F7889A43E}.Debug|Any CPU.ActiveCfg = Debug|Any CPU
		{F63167B4-F34F-4096-92E4-5D6F7889A43E}.Debug|Any CPU.Build.0 = Debug|Any CPU
		{F63167B4-F34F-4096-92E4-5D6F7889A43E}.Debug|x86.ActiveCfg = Debug|Any CPU
		{F63167B4-F34F-4096-92E4-5D6F7889A43E}.Debug|x86.Build.0 = Debug|Any CPU
		{F63167B4-F34F-4096-92E4-5D6F7889A43E}.Release|Any CPU.ActiveCfg = Release|Any CPU
		{F63167B4-F34F-4096-92E4-5D6F7889A43E}.Release|Any CPU.Build.0 = Release|Any CPU
		{F63167B4-F34F-4096-92E4-5D6F7889A43E}.Release|x86.ActiveCfg = Release|Any CPU
		{F63167B4-F34F-4096-92E4-5D6F7889A43E}.Release|x86.Build.0 = Release|Any CPU
		{DFF459DC-5096-4DFD-AC21-D23D39A422B5}.Debug|Any CPU.ActiveCfg = Debug|Any CPU
		{DFF459DC-5096-4DFD-AC21-D23D39A422B5}.Debug|Any CPU.Build.0 = Debug|Any CPU
		{DFF459DC-5096-4DFD-AC21-D23D39A422B5}.Debug|x86.ActiveCfg = Debug|Any CPU
		{DFF459DC-5096-4DFD-AC21-D23D39A422B5}.Debug|x86.Build.0 = Debug|Any CPU
		{DFF459DC-5096-4DFD-AC21-D23D39A422B5}.Release|Any CPU.ActiveCfg = Release|Any CPU
		{DFF459DC-5096-4DFD-AC21-D23D39A422B5}.Release|Any CPU.Build.0 = Release|Any CPU
		{DFF459DC-5096-4DFD-AC21-D23D39A422B5}.Release|x86.ActiveCfg = Release|Any CPU
		{DFF459DC-5096-4DFD-AC21-D23D39A422B5}.Release|x86.Build.0 = Release|Any CPU
		{678C7B81-7BF4-4053-995B-8320B810EFAA}.Debug|Any CPU.ActiveCfg = Debug|Any CPU
		{678C7B81-7BF4-4053-995B-8320B810EFAA}.Debug|Any CPU.Build.0 = Debug|Any CPU
		{678C7B81-7BF4-4053-995B-8320B810EFAA}.Debug|x86.ActiveCfg = Debug|Any CPU
		{678C7B81-7BF4-4053-995B-8320B810EFAA}.Debug|x86.Build.0 = Debug|Any CPU
		{678C7B81-7BF4-4053-995B-8320B810EFAA}.Release|Any CPU.ActiveCfg = Release|Any CPU
		{678C7B81-7BF4-4053-995B-8320B810EFAA}.Release|Any CPU.Build.0 = Release|Any CPU
		{678C7B81-7BF4-4053-995B-8320B810EFAA}.Release|x86.ActiveCfg = Release|Any CPU
		{678C7B81-7BF4-4053-995B-8320B810EFAA}.Release|x86.Build.0 = Release|Any CPU
		{435DDDB4-5427-4D0F-98C9-121A2B8192B1}.Debug|Any CPU.ActiveCfg = Debug|Any CPU
		{435DDDB4-5427-4D0F-98C9-121A2B8192B1}.Debug|Any CPU.Build.0 = Debug|Any CPU
		{435DDDB4-5427-4D0F-98C9-121A2B8192B1}.Debug|x86.ActiveCfg = Debug|Any CPU
		{435DDDB4-5427-4D0F-98C9-121A2B8192B1}.Debug|x86.Build.0 = Debug|Any CPU
		{435DDDB4-5427-4D0F-98C9-121A2B8192B1}.Release|Any CPU.ActiveCfg = Release|Any CPU
		{435DDDB4-5427-4D0F-98C9-121A2B8192B1}.Release|Any CPU.Build.0 = Release|Any CPU
		{435DDDB4-5427-4D0F-98C9-121A2B8192B1}.Release|x86.ActiveCfg = Release|Any CPU
		{435DDDB4-5427-4D0F-98C9-121A2B8192B1}.Release|x86.Build.0 = Release|Any CPU
		{9DE04F3E-3226-4BA0-9B25-7A84B0293EBE}.Debug|Any CPU.ActiveCfg = Debug|Any CPU
		{9DE04F3E-3226-4BA0-9B25-7A84B0293EBE}.Debug|Any CPU.Build.0 = Debug|Any CPU
		{9DE04F3E-3226-4BA0-9B25-7A84B0293EBE}.Debug|x86.ActiveCfg = Debug|Any CPU
		{9DE04F3E-3226-4BA0-9B25-7A84B0293EBE}.Debug|x86.Build.0 = Debug|Any CPU
		{9DE04F3E-3226-4BA0-9B25-7A84B0293EBE}.Release|Any CPU.ActiveCfg = Release|Any CPU
		{9DE04F3E-3226-4BA0-9B25-7A84B0293EBE}.Release|Any CPU.Build.0 = Release|Any CPU
		{9DE04F3E-3226-4BA0-9B25-7A84B0293EBE}.Release|x86.ActiveCfg = Release|Any CPU
		{9DE04F3E-3226-4BA0-9B25-7A84B0293EBE}.Release|x86.Build.0 = Release|Any CPU
		{666985B8-D655-41D5-BF61-0714A390C38C}.Debug|Any CPU.ActiveCfg = Debug|Any CPU
		{666985B8-D655-41D5-BF61-0714A390C38C}.Debug|Any CPU.Build.0 = Debug|Any CPU
		{666985B8-D655-41D5-BF61-0714A390C38C}.Debug|x86.ActiveCfg = Debug|Any CPU
		{666985B8-D655-41D5-BF61-0714A390C38C}.Debug|x86.Build.0 = Debug|Any CPU
		{666985B8-D655-41D5-BF61-0714A390C38C}.Release|Any CPU.ActiveCfg = Release|Any CPU
		{666985B8-D655-41D5-BF61-0714A390C38C}.Release|Any CPU.Build.0 = Release|Any CPU
		{666985B8-D655-41D5-BF61-0714A390C38C}.Release|x86.ActiveCfg = Release|Any CPU
		{666985B8-D655-41D5-BF61-0714A390C38C}.Release|x86.Build.0 = Release|Any CPU
		{5475E837-3A8F-456E-A0FC-A430C516AFA2}.Debug|Any CPU.ActiveCfg = Debug|Any CPU
		{5475E837-3A8F-456E-A0FC-A430C516AFA2}.Debug|Any CPU.Build.0 = Debug|Any CPU
		{5475E837-3A8F-456E-A0FC-A430C516AFA2}.Debug|x86.ActiveCfg = Debug|Any CPU
		{5475E837-3A8F-456E-A0FC-A430C516AFA2}.Debug|x86.Build.0 = Debug|Any CPU
		{5475E837-3A8F-456E-A0FC-A430C516AFA2}.Release|Any CPU.ActiveCfg = Release|Any CPU
		{5475E837-3A8F-456E-A0FC-A430C516AFA2}.Release|Any CPU.Build.0 = Release|Any CPU
		{5475E837-3A8F-456E-A0FC-A430C516AFA2}.Release|x86.ActiveCfg = Release|Any CPU
		{5475E837-3A8F-456E-A0FC-A430C516AFA2}.Release|x86.Build.0 = Release|Any CPU
		{2F2888F2-B538-44F6-8DD9-23E2E4704AD8}.Debug|Any CPU.ActiveCfg = Debug|Any CPU
		{2F2888F2-B538-44F6-8DD9-23E2E4704AD8}.Debug|Any CPU.Build.0 = Debug|Any CPU
		{2F2888F2-B538-44F6-8DD9-23E2E4704AD8}.Debug|x86.ActiveCfg = Debug|Any CPU
		{2F2888F2-B538-44F6-8DD9-23E2E4704AD8}.Debug|x86.Build.0 = Debug|Any CPU
		{2F2888F2-B538-44F6-8DD9-23E2E4704AD8}.Release|Any CPU.ActiveCfg = Release|Any CPU
		{2F2888F2-B538-44F6-8DD9-23E2E4704AD8}.Release|Any CPU.Build.0 = Release|Any CPU
		{2F2888F2-B538-44F6-8DD9-23E2E4704AD8}.Release|x86.ActiveCfg = Release|Any CPU
		{2F2888F2-B538-44F6-8DD9-23E2E4704AD8}.Release|x86.Build.0 = Release|Any CPU
		{0510D637-47A5-45FD-9494-6BC278439A15}.Debug|Any CPU.ActiveCfg = Debug|Any CPU
		{0510D637-47A5-45FD-9494-6BC278439A15}.Debug|Any CPU.Build.0 = Debug|Any CPU
		{0510D637-47A5-45FD-9494-6BC278439A15}.Debug|x86.ActiveCfg = Debug|Any CPU
		{0510D637-47A5-45FD-9494-6BC278439A15}.Debug|x86.Build.0 = Debug|Any CPU
		{0510D637-47A5-45FD-9494-6BC278439A15}.Release|Any CPU.ActiveCfg = Release|Any CPU
		{0510D637-47A5-45FD-9494-6BC278439A15}.Release|Any CPU.Build.0 = Release|Any CPU
		{0510D637-47A5-45FD-9494-6BC278439A15}.Release|x86.ActiveCfg = Release|Any CPU
		{0510D637-47A5-45FD-9494-6BC278439A15}.Release|x86.Build.0 = Release|Any CPU
		{EE76FC8F-A737-4A6D-BADA-D43287FD887F}.Debug|Any CPU.ActiveCfg = Debug|Any CPU
		{EE76FC8F-A737-4A6D-BADA-D43287FD887F}.Debug|Any CPU.Build.0 = Debug|Any CPU
		{EE76FC8F-A737-4A6D-BADA-D43287FD887F}.Debug|x86.ActiveCfg = Debug|Any CPU
		{EE76FC8F-A737-4A6D-BADA-D43287FD887F}.Debug|x86.Build.0 = Debug|Any CPU
		{EE76FC8F-A737-4A6D-BADA-D43287FD887F}.Release|Any CPU.ActiveCfg = Release|Any CPU
		{EE76FC8F-A737-4A6D-BADA-D43287FD887F}.Release|Any CPU.Build.0 = Release|Any CPU
		{EE76FC8F-A737-4A6D-BADA-D43287FD887F}.Release|x86.ActiveCfg = Release|Any CPU
		{EE76FC8F-A737-4A6D-BADA-D43287FD887F}.Release|x86.Build.0 = Release|Any CPU
		{9DCD2484-81DF-4CB0-B7B4-105FC9F98CD1}.Debug|Any CPU.ActiveCfg = Debug|Any CPU
		{9DCD2484-81DF-4CB0-B7B4-105FC9F98CD1}.Debug|Any CPU.Build.0 = Debug|Any CPU
		{9DCD2484-81DF-4CB0-B7B4-105FC9F98CD1}.Debug|x86.ActiveCfg = Debug|Any CPU
		{9DCD2484-81DF-4CB0-B7B4-105FC9F98CD1}.Debug|x86.Build.0 = Debug|Any CPU
		{9DCD2484-81DF-4CB0-B7B4-105FC9F98CD1}.Release|Any CPU.ActiveCfg = Release|Any CPU
		{9DCD2484-81DF-4CB0-B7B4-105FC9F98CD1}.Release|Any CPU.Build.0 = Release|Any CPU
		{9DCD2484-81DF-4CB0-B7B4-105FC9F98CD1}.Release|x86.ActiveCfg = Release|Any CPU
		{9DCD2484-81DF-4CB0-B7B4-105FC9F98CD1}.Release|x86.Build.0 = Release|Any CPU
		{BEA8B6FF-8B8E-4EDC-BEDC-BC85557FB1FC}.Debug|Any CPU.ActiveCfg = Debug|Any CPU
		{BEA8B6FF-8B8E-4EDC-BEDC-BC85557FB1FC}.Debug|Any CPU.Build.0 = Debug|Any CPU
		{BEA8B6FF-8B8E-4EDC-BEDC-BC85557FB1FC}.Debug|x86.ActiveCfg = Debug|Any CPU
		{BEA8B6FF-8B8E-4EDC-BEDC-BC85557FB1FC}.Debug|x86.Build.0 = Debug|Any CPU
		{BEA8B6FF-8B8E-4EDC-BEDC-BC85557FB1FC}.Release|Any CPU.ActiveCfg = Release|Any CPU
		{BEA8B6FF-8B8E-4EDC-BEDC-BC85557FB1FC}.Release|Any CPU.Build.0 = Release|Any CPU
		{BEA8B6FF-8B8E-4EDC-BEDC-BC85557FB1FC}.Release|x86.ActiveCfg = Release|Any CPU
		{BEA8B6FF-8B8E-4EDC-BEDC-BC85557FB1FC}.Release|x86.Build.0 = Release|Any CPU
		{59AD7BAB-545B-4834-A435-6C64F48379EE}.Debug|Any CPU.ActiveCfg = Debug|Any CPU
		{59AD7BAB-545B-4834-A435-6C64F48379EE}.Debug|Any CPU.Build.0 = Debug|Any CPU
		{59AD7BAB-545B-4834-A435-6C64F48379EE}.Debug|x86.ActiveCfg = Debug|Any CPU
		{59AD7BAB-545B-4834-A435-6C64F48379EE}.Debug|x86.Build.0 = Debug|Any CPU
		{59AD7BAB-545B-4834-A435-6C64F48379EE}.Release|Any CPU.ActiveCfg = Release|Any CPU
		{59AD7BAB-545B-4834-A435-6C64F48379EE}.Release|Any CPU.Build.0 = Release|Any CPU
		{59AD7BAB-545B-4834-A435-6C64F48379EE}.Release|x86.ActiveCfg = Release|Any CPU
		{59AD7BAB-545B-4834-A435-6C64F48379EE}.Release|x86.Build.0 = Release|Any CPU
	EndGlobalSection
	GlobalSection(SolutionProperties) = preSolution
		HideSolutionNode = FALSE
	EndGlobalSection
	GlobalSection(NestedProjects) = preSolution
		{8EF57341-1971-4217-BAF9-2AA8993E5285} = {E059EF5D-1033-47C1-8098-1AC5CF22541D}
		{F63167B4-F34F-4096-92E4-5D6F7889A43E} = {E059EF5D-1033-47C1-8098-1AC5CF22541D}
		{DFF459DC-5096-4DFD-AC21-D23D39A422B5} = {5F3A2279-6236-410F-8A57-D6E5CACC6555}
		{678C7B81-7BF4-4053-995B-8320B810EFAA} = {E059EF5D-1033-47C1-8098-1AC5CF22541D}
		{435DDDB4-5427-4D0F-98C9-121A2B8192B1} = {E059EF5D-1033-47C1-8098-1AC5CF22541D}
		{9DE04F3E-3226-4BA0-9B25-7A84B0293EBE} = {E059EF5D-1033-47C1-8098-1AC5CF22541D}
		{666985B8-D655-41D5-BF61-0714A390C38C} = {E059EF5D-1033-47C1-8098-1AC5CF22541D}
		{5475E837-3A8F-456E-A0FC-A430C516AFA2} = {E059EF5D-1033-47C1-8098-1AC5CF22541D}
		{2F2888F2-B538-44F6-8DD9-23E2E4704AD8} = {E059EF5D-1033-47C1-8098-1AC5CF22541D}
		{0510D637-47A5-45FD-9494-6BC278439A15} = {000DA724-0E30-4C78-B26B-27952E6075BE}
		{EE76FC8F-A737-4A6D-BADA-D43287FD887F} = {000DA724-0E30-4C78-B26B-27952E6075BE}
		{9DCD2484-81DF-4CB0-B7B4-105FC9F98CD1} = {000DA724-0E30-4C78-B26B-27952E6075BE}
		{BEA8B6FF-8B8E-4EDC-BEDC-BC85557FB1FC} = {000DA724-0E30-4C78-B26B-27952E6075BE}
		{59AD7BAB-545B-4834-A435-6C64F48379EE} = {5F3A2279-6236-410F-8A57-D6E5CACC6555}
	EndGlobalSection
	GlobalSection(ExtensibilityGlobals) = postSolution
		SolutionGuid = {797D0316-ADCB-40F7-BD1A-7D587E59A714}
	EndGlobalSection
EndGlobal
