
Microsoft Visual Studio Solution File, Format Version 12.00
# Visual Studio 15
VisualStudioVersion = 15.0.28010.2048
MinimumVisualStudioVersion = 10.0.40219.1
Project("{9A19103F-16F7-4668-BE54-9A1E7A4F7556}") = "Essence.Util.Std", "Essence.Util\Essence.Util.Std.csproj", "{B9865F62-41F8-47CC-9662-CA700D54E177}"
EndProject
Project("{9A19103F-16F7-4668-BE54-9A1E7A4F7556}") = "Essence.Math.Std", "Essence.Math\Essence.Math.Std.csproj", "{D2E00762-639B-4489-AEE2-C9CB5385B310}"
EndProject
Project("{9A19103F-16F7-4668-BE54-9A1E7A4F7556}") = "Essence.Geometry.Core.Std", "Essence.Geometry.Core\Essence.Geometry.Core.Std.csproj", "{CEB1666F-928F-44D9-84BA-33DCA617FCBB}"
EndProject
Project("{9A19103F-16F7-4668-BE54-9A1E7A4F7556}") = "Essence.Geometry.Std", "Essence.Geometry\Essence.Geometry.Std.csproj", "{0A02DCC1-4446-4FA2-846D-F17143613BB3}"
EndProject
Project("{9A19103F-16F7-4668-BE54-9A1E7A4F7556}") = "org.apache.commons.math3_3.61.Std", "org.apache.commons.math3_3.6.1\org.apache.commons.math3_3.61.Std.csproj", "{A7B43EF7-6801-49AB-B196-D2CE5B8E35C2}"
EndProject
Project("{9A19103F-16F7-4668-BE54-9A1E7A4F7556}") = "Essence.Model.Std", "Essence.Model\Essence.Model.Std.csproj", "{9DB399F6-5A45-401E-9D84-EDA4426D4E62}"
EndProject
Project("{2150E333-8FDC-42A3-9474-1A3956D46DE8}") = "Core", "Core", "{1174E001-8A07-496F-9D66-71027702136C}"
EndProject
Project("{2150E333-8FDC-42A3-9474-1A3956D46DE8}") = "commons.math", "commons.math", "{683411A2-0C58-4BBB-A46B-3A5C84C8BCCE}"
EndProject
Global
	GlobalSection(SolutionConfigurationPlatforms) = preSolution
		Debug|Any CPU = Debug|Any CPU
		Release|Any CPU = Release|Any CPU
	EndGlobalSection
	GlobalSection(ProjectConfigurationPlatforms) = postSolution
		{B9865F62-41F8-47CC-9662-CA700D54E177}.Debug|Any CPU.ActiveCfg = Debug|Any CPU
		{B9865F62-41F8-47CC-9662-CA700D54E177}.Debug|Any CPU.Build.0 = Debug|Any CPU
		{B9865F62-41F8-47CC-9662-CA700D54E177}.Release|Any CPU.ActiveCfg = Release|Any CPU
		{B9865F62-41F8-47CC-9662-CA700D54E177}.Release|Any CPU.Build.0 = Release|Any CPU
		{D2E00762-639B-4489-AEE2-C9CB5385B310}.Debug|Any CPU.ActiveCfg = Debug|Any CPU
		{D2E00762-639B-4489-AEE2-C9CB5385B310}.Debug|Any CPU.Build.0 = Debug|Any CPU
		{D2E00762-639B-4489-AEE2-C9CB5385B310}.Release|Any CPU.ActiveCfg = Release|Any CPU
		{D2E00762-639B-4489-AEE2-C9CB5385B310}.Release|Any CPU.Build.0 = Release|Any CPU
		{CEB1666F-928F-44D9-84BA-33DCA617FCBB}.Debug|Any CPU.ActiveCfg = Debug|Any CPU
		{CEB1666F-928F-44D9-84BA-33DCA617FCBB}.Debug|Any CPU.Build.0 = Debug|Any CPU
		{CEB1666F-928F-44D9-84BA-33DCA617FCBB}.Release|Any CPU.ActiveCfg = Release|Any CPU
		{CEB1666F-928F-44D9-84BA-33DCA617FCBB}.Release|Any CPU.Build.0 = Release|Any CPU
		{0A02DCC1-4446-4FA2-846D-F17143613BB3}.Debug|Any CPU.ActiveCfg = Debug|Any CPU
		{0A02DCC1-4446-4FA2-846D-F17143613BB3}.Debug|Any CPU.Build.0 = Debug|Any CPU
		{0A02DCC1-4446-4FA2-846D-F17143613BB3}.Release|Any CPU.ActiveCfg = Release|Any CPU
		{0A02DCC1-4446-4FA2-846D-F17143613BB3}.Release|Any CPU.Build.0 = Release|Any CPU
		{A7B43EF7-6801-49AB-B196-D2CE5B8E35C2}.Debug|Any CPU.ActiveCfg = Debug|Any CPU
		{A7B43EF7-6801-49AB-B196-D2CE5B8E35C2}.Debug|Any CPU.Build.0 = Debug|Any CPU
		{A7B43EF7-6801-49AB-B196-D2CE5B8E35C2}.Release|Any CPU.ActiveCfg = Release|Any CPU
		{A7B43EF7-6801-49AB-B196-D2CE5B8E35C2}.Release|Any CPU.Build.0 = Release|Any CPU
		{9DB399F6-5A45-401E-9D84-EDA4426D4E62}.Debug|Any CPU.ActiveCfg = Debug|Any CPU
		{9DB399F6-5A45-401E-9D84-EDA4426D4E62}.Debug|Any CPU.Build.0 = Debug|Any CPU
		{9DB399F6-5A45-401E-9D84-EDA4426D4E62}.Release|Any CPU.ActiveCfg = Release|Any CPU
		{9DB399F6-5A45-401E-9D84-EDA4426D4E62}.Release|Any CPU.Build.0 = Release|Any CPU
	EndGlobalSection
	GlobalSection(SolutionProperties) = preSolution
		HideSolutionNode = FALSE
	EndGlobalSection
	GlobalSection(NestedProjects) = preSolution
		{B9865F62-41F8-47CC-9662-CA700D54E177} = {1174E001-8A07-496F-9D66-71027702136C}
		{D2E00762-639B-4489-AEE2-C9CB5385B310} = {1174E001-8A07-496F-9D66-71027702136C}
		{CEB1666F-928F-44D9-84BA-33DCA617FCBB} = {1174E001-8A07-496F-9D66-71027702136C}
		{0A02DCC1-4446-4FA2-846D-F17143613BB3} = {1174E001-8A07-496F-9D66-71027702136C}
		{A7B43EF7-6801-49AB-B196-D2CE5B8E35C2} = {683411A2-0C58-4BBB-A46B-3A5C84C8BCCE}
		{9DB399F6-5A45-401E-9D84-EDA4426D4E62} = {1174E001-8A07-496F-9D66-71027702136C}
	EndGlobalSection
	GlobalSection(ExtensibilityGlobals) = postSolution
		SolutionGuid = {ED415FA4-07E7-4AE6-9BCC-95F9A7C7215B}
	EndGlobalSection
EndGlobal
